
Microsoft Visual Studio Solution File, Format Version 12.00
# Visual Studio Version 17
VisualStudioVersion = 17.7.34031.279
MinimumVisualStudioVersion = 10.0.40219.1
Project("{2150E333-8FDC-42A3-9474-1A3956D46DE8}") = "Presentation", "Presentation", "{5696D180-FB7E-4CDD-99C1-76FF5FE899A3}"
EndProject
Project("{2150E333-8FDC-42A3-9474-1A3956D46DE8}") = "Library", "Library", "{460F133E-2881-4F0C-BB69-A2843A3F7DC1}"
EndProject
Project("{FAE04EC0-301F-11D3-BF4B-00C04F79EFBC}") = "UpvTubeLib", "ClassLibrary\UpvTubeLib.csproj", "{8ABF76A8-2820-45AF-BA16-3DABD58664CA}"
EndProject
Project("{2150E333-8FDC-42A3-9474-1A3956D46DE8}") = "Testing", "Testing", "{1961AD95-A82D-4BD1-AB4B-496683CEFDC8}"
	ProjectSection(SolutionItems) = preProject
		Class2.cs = Class2.cs
	EndProjectSection
EndProject
Project("{2150E333-8FDC-42A3-9474-1A3956D46DE8}") = "Lab1", "Lab1", "{593095EA-0EFD-4389-9C57-BA8419E1D491}"
EndProject
Project("{FAE04EC0-301F-11D3-BF4B-00C04F79EFBC}") = "HelloWoldApp", "ConsoleApp1\HelloWoldApp.csproj", "{3C4D2B6D-C246-4E91-9A1E-F114556BFB35}"
EndProject
Project("{FAE04EC0-301F-11D3-BF4B-00C04F79EFBC}") = "UPVTubeObjectDesignTests", "UPVTubeObjectDesignTests\UPVTubeObjectDesignTests.csproj", "{48E97C2A-5638-42CF-B6F9-62EFF5DBBA34}"
EndProject
Project("{FAE04EC0-301F-11D3-BF4B-00C04F79EFBC}") = "UPVTubePersistenceTests", "UPVTubePersistenceTests\UPVTubePersistenceTests.csproj", "{2F43F354-5D3C-48BA-A632-00D79D6607EE}"
EndProject
Project("{FAE04EC0-301F-11D3-BF4B-00C04F79EFBC}") = "DBTest", "DBTest\DBTest.csproj", "{9183A1DE-0352-435B-B609-A03FDFF7B562}"
EndProject
Project("{FAE04EC0-301F-11D3-BF4B-00C04F79EFBC}") = "UPVTube.GUI", "UPVTube.GUI\UPVTube.GUI.csproj", "{BFC5BBE0-70C0-4CBA-9B89-09914520517B}"
EndProject
Global
	GlobalSection(SolutionConfigurationPlatforms) = preSolution
		Debug|Any CPU = Debug|Any CPU
		Release|Any CPU = Release|Any CPU
	EndGlobalSection
	GlobalSection(ProjectConfigurationPlatforms) = postSolution
		{8ABF76A8-2820-45AF-BA16-3DABD58664CA}.Debug|Any CPU.ActiveCfg = Debug|Any CPU
		{8ABF76A8-2820-45AF-BA16-3DABD58664CA}.Debug|Any CPU.Build.0 = Debug|Any CPU
		{8ABF76A8-2820-45AF-BA16-3DABD58664CA}.Release|Any CPU.ActiveCfg = Release|Any CPU
		{8ABF76A8-2820-45AF-BA16-3DABD58664CA}.Release|Any CPU.Build.0 = Release|Any CPU
		{3C4D2B6D-C246-4E91-9A1E-F114556BFB35}.Debug|Any CPU.ActiveCfg = Debug|Any CPU
		{3C4D2B6D-C246-4E91-9A1E-F114556BFB35}.Debug|Any CPU.Build.0 = Debug|Any CPU
		{3C4D2B6D-C246-4E91-9A1E-F114556BFB35}.Release|Any CPU.ActiveCfg = Release|Any CPU
		{3C4D2B6D-C246-4E91-9A1E-F114556BFB35}.Release|Any CPU.Build.0 = Release|Any CPU
		{48E97C2A-5638-42CF-B6F9-62EFF5DBBA34}.Debug|Any CPU.ActiveCfg = Debug|Any CPU
		{48E97C2A-5638-42CF-B6F9-62EFF5DBBA34}.Debug|Any CPU.Build.0 = Debug|Any CPU
		{48E97C2A-5638-42CF-B6F9-62EFF5DBBA34}.Release|Any CPU.ActiveCfg = Release|Any CPU
		{48E97C2A-5638-42CF-B6F9-62EFF5DBBA34}.Release|Any CPU.Build.0 = Release|Any CPU
		{2F43F354-5D3C-48BA-A632-00D79D6607EE}.Debug|Any CPU.ActiveCfg = Debug|Any CPU
		{2F43F354-5D3C-48BA-A632-00D79D6607EE}.Debug|Any CPU.Build.0 = Debug|Any CPU
		{2F43F354-5D3C-48BA-A632-00D79D6607EE}.Release|Any CPU.ActiveCfg = Release|Any CPU
		{2F43F354-5D3C-48BA-A632-00D79D6607EE}.Release|Any CPU.Build.0 = Release|Any CPU
		{9183A1DE-0352-435B-B609-A03FDFF7B562}.Debug|Any CPU.ActiveCfg = Debug|Any CPU
		{9183A1DE-0352-435B-B609-A03FDFF7B562}.Debug|Any CPU.Build.0 = Debug|Any CPU
		{9183A1DE-0352-435B-B609-A03FDFF7B562}.Release|Any CPU.ActiveCfg = Release|Any CPU
		{9183A1DE-0352-435B-B609-A03FDFF7B562}.Release|Any CPU.Build.0 = Release|Any CPU
		{BFC5BBE0-70C0-4CBA-9B89-09914520517B}.Debug|Any CPU.ActiveCfg = Debug|Any CPU
		{BFC5BBE0-70C0-4CBA-9B89-09914520517B}.Debug|Any CPU.Build.0 = Debug|Any CPU
		{BFC5BBE0-70C0-4CBA-9B89-09914520517B}.Release|Any CPU.ActiveCfg = Release|Any CPU
		{BFC5BBE0-70C0-4CBA-9B89-09914520517B}.Release|Any CPU.Build.0 = Release|Any CPU
	EndGlobalSection
	GlobalSection(SolutionProperties) = preSolution
		HideSolutionNode = FALSE
	EndGlobalSection
	GlobalSection(NestedProjects) = preSolution
		{8ABF76A8-2820-45AF-BA16-3DABD58664CA} = {460F133E-2881-4F0C-BB69-A2843A3F7DC1}
		{593095EA-0EFD-4389-9C57-BA8419E1D491} = {1961AD95-A82D-4BD1-AB4B-496683CEFDC8}
		{3C4D2B6D-C246-4E91-9A1E-F114556BFB35} = {593095EA-0EFD-4389-9C57-BA8419E1D491}
		{48E97C2A-5638-42CF-B6F9-62EFF5DBBA34} = {1961AD95-A82D-4BD1-AB4B-496683CEFDC8}
		{2F43F354-5D3C-48BA-A632-00D79D6607EE} = {1961AD95-A82D-4BD1-AB4B-496683CEFDC8}
		{9183A1DE-0352-435B-B609-A03FDFF7B562} = {1961AD95-A82D-4BD1-AB4B-496683CEFDC8}
		{BFC5BBE0-70C0-4CBA-9B89-09914520517B} = {5696D180-FB7E-4CDD-99C1-76FF5FE899A3}
	EndGlobalSection
	GlobalSection(ExtensibilityGlobals) = postSolution
		SolutionGuid = {4E69B137-523F-49E3-BAEF-44C05B473BCA}
	EndGlobalSection
EndGlobal
